
Microsoft Visual Studio Solution File, Format Version 12.00
# Visual Studio Version 16
VisualStudioVersion = 16.0.29926.136
MinimumVisualStudioVersion = 10.0.40219.1
Project("{FAE04EC0-301F-11D3-BF4B-00C04F79EFBC}") = "WindowsFormsNummerGame", "WindowsFormsNummerGame\WindowsFormsNummerGame.csproj", "{32700B33-6D73-41BD-AE71-07A11E56EC47}"
EndProject
Global
	GlobalSection(SolutionConfigurationPlatforms) = preSolution
		Debug|Any CPU = Debug|Any CPU
		Release|Any CPU = Release|Any CPU
	EndGlobalSection
	GlobalSection(ProjectConfigurationPlatforms) = postSolution
		{32700B33-6D73-41BD-AE71-07A11E56EC47}.Debug|Any CPU.ActiveCfg = Debug|Any CPU
		{32700B33-6D73-41BD-AE71-07A11E56EC47}.Debug|Any CPU.Build.0 = Debug|Any CPU
		{32700B33-6D73-41BD-AE71-07A11E56EC47}.Release|Any CPU.ActiveCfg = Release|Any CPU
		{32700B33-6D73-41BD-AE71-07A11E56EC47}.Release|Any CPU.Build.0 = Release|Any CPU
	EndGlobalSection
	GlobalSection(SolutionProperties) = preSolution
		HideSolutionNode = FALSE
	EndGlobalSection
	GlobalSection(ExtensibilityGlobals) = postSolution
		SolutionGuid = {D2E1BE34-BBC6-4CE4-805E-38D3C41380C4}
	EndGlobalSection
EndGlobal
